
Microsoft Visual Studio Solution File, Format Version 12.00
# Visual Studio 14
VisualStudioVersion = 14.0.25420.1
MinimumVisualStudioVersion = 10.0.40219.1
Project("{FAE04EC0-301F-11D3-BF4B-00C04F79EFBC}") = "Proyecto Antonio Luis", "Proyecto Antonio Luis\Proyecto Antonio Luis.csproj", "{27272B19-7B82-4F86-AF86-1BD4BCE6709E}"
EndProject
Project("{FAE04EC0-301F-11D3-BF4B-00C04F79EFBC}") = "BaseDatos", "BaseDatos\BaseDatos.csproj", "{45FA9993-4762-4DC3-B90A-24F711B39D4C}"
EndProject
Project("{FAE04EC0-301F-11D3-BF4B-00C04F79EFBC}") = "AdministracionAntonioLuis.Utils", "Administracion Antonio Luis.Utils\AdministracionAntonioLuis.Utils.csproj", "{534ECE46-2468-42C5-B453-195B92E603B7}"
EndProject
Global
	GlobalSection(SolutionConfigurationPlatforms) = preSolution
		Debug|Any CPU = Debug|Any CPU
		Release|Any CPU = Release|Any CPU
	EndGlobalSection
	GlobalSection(ProjectConfigurationPlatforms) = postSolution
		{27272B19-7B82-4F86-AF86-1BD4BCE6709E}.Debug|Any CPU.ActiveCfg = Debug|Any CPU
		{27272B19-7B82-4F86-AF86-1BD4BCE6709E}.Debug|Any CPU.Build.0 = Debug|Any CPU
		{27272B19-7B82-4F86-AF86-1BD4BCE6709E}.Release|Any CPU.ActiveCfg = Release|Any CPU
		{27272B19-7B82-4F86-AF86-1BD4BCE6709E}.Release|Any CPU.Build.0 = Release|Any CPU
		{45FA9993-4762-4DC3-B90A-24F711B39D4C}.Debug|Any CPU.ActiveCfg = Debug|Any CPU
		{45FA9993-4762-4DC3-B90A-24F711B39D4C}.Debug|Any CPU.Build.0 = Debug|Any CPU
		{45FA9993-4762-4DC3-B90A-24F711B39D4C}.Release|Any CPU.ActiveCfg = Release|Any CPU
		{45FA9993-4762-4DC3-B90A-24F711B39D4C}.Release|Any CPU.Build.0 = Release|Any CPU
		{534ECE46-2468-42C5-B453-195B92E603B7}.Debug|Any CPU.ActiveCfg = Debug|Any CPU
		{534ECE46-2468-42C5-B453-195B92E603B7}.Debug|Any CPU.Build.0 = Debug|Any CPU
		{534ECE46-2468-42C5-B453-195B92E603B7}.Release|Any CPU.ActiveCfg = Release|Any CPU
		{534ECE46-2468-42C5-B453-195B92E603B7}.Release|Any CPU.Build.0 = Release|Any CPU
	EndGlobalSection
	GlobalSection(SolutionProperties) = preSolution
		HideSolutionNode = FALSE
	EndGlobalSection
EndGlobal
